<?xml version="1.0" encoding="utf-8"?>
<Project ToolsVersion="4.0" xmlns="http://schemas.microsoft.com/developer/msbuild/2003">
  <ItemGroup>
    <Filter Include="Gamelayer">
      <UniqueIdentifier>{3C08907F-A872-44F6-F1B0-F59B5D5A224B}</UniqueIdentifier>
    </Filter>
  </ItemGroup>
  <ItemGroup>
    <ClInclude Include="src\EditorLayer.h" />
    <ClInclude Include="src\Gamelayer\GameLayer.h">
      <Filter>Gamelayer</Filter>
    </ClInclude>
  </ItemGroup>
  <ItemGroup>
    <ClCompile Include="src\EditorLayer.cpp" />
    <ClCompile Include="src\Gamelayer\GameLayer.cpp">
      <Filter>Gamelayer</Filter>
    </ClCompile>
    <ClCompile Include="src\TourqeEditor.cpp" />
  </ItemGroup>
</Project>