<?xml version="1.0" encoding="utf-8"?>
<Project ToolsVersion="4.0" xmlns="http://schemas.microsoft.com/developer/msbuild/2003">
  <ItemGroup>
    <Filter Include="Gamelayer">
      <UniqueIdentifier>{3C08907F-A872-44F6-F1B0-F59B5D5A224B}</UniqueIdentifier>
    </Filter>
  </ItemGroup>
  <ItemGroup>
    <ClInclude Include="src\EditorLayer.h" />
  </ItemGroup>
  <ItemGroup>
    <ClCompile Include="src\EditorLayer.cpp" />
    <ClCompile Include="src\TourqeEditor.cpp" />
  </ItemGroup>
  <ItemGroup>
    <None Include="Resources\Shaders\Grid.glsl" />
    <None Include="Resources\Shaders\ForwardBase.glsl" />
    <None Include="Resources\Shaders\Common\PBR.glslh" />
    <None Include="Resources\Shaders\Common\Common.glslh" />
    <None Include="Resources\Shaders\Common\Buffers.glslh" />
    <None Include="Resources\Shaders\EquirectangularCubemap.glsl" />
    <None Include="Resources\Shaders\IrradianceConvolution.glsl" />
    <None Include="Resources\Shaders\Background.glsl" />
  </ItemGroup>
  <ItemGroup>
    <Text Include="Resources\Shaders\DeferredGBuffer.glsl" />
    <Text Include="Resources\Shaders\DeferredLightingPBR.glsl" />
  </ItemGroup>
</Project>